// !$*UTF8*$!
{
	archiveVersion = 1;
	classes = {
	};
	objectVersion = 50;
	objects = {

/* Begin PBXBuildFile section */
		7800E9A720FF66F20027F299 /* README.md in Resources */ = {isa = PBXBuildFile; fileRef = 7800E9A620FF66F20027F299 /* README.md */; };
		783DFF3F20FCD35300866790 /* AppDelegate.swift in Sources */ = {isa = PBXBuildFile; fileRef = 783DFF3E20FCD35300866790 /* AppDelegate.swift */; };
		783DFF4120FCD35300866790 /* ViewController.swift in Sources */ = {isa = PBXBuildFile; fileRef = 783DFF4020FCD35300866790 /* ViewController.swift */; };
		783DFF4420FCD35300866790 /* Main.storyboard in Resources */ = {isa = PBXBuildFile; fileRef = 783DFF4220FCD35300866790 /* Main.storyboard */; };
		783DFF4620FCD35400866790 /* Assets.xcassets in Resources */ = {isa = PBXBuildFile; fileRef = 783DFF4520FCD35400866790 /* Assets.xcassets */; };
		783DFF4920FCD35400866790 /* LaunchScreen.storyboard in Resources */ = {isa = PBXBuildFile; fileRef = 783DFF4720FCD35400866790 /* LaunchScreen.storyboard */; };
		783DFF5420FCD35400866790 /* FlickrFindrTests.swift in Sources */ = {isa = PBXBuildFile; fileRef = 783DFF5320FCD35400866790 /* FlickrFindrTests.swift */; };
		783DFF5F20FCE2FD00866790 /* Constants.swift in Sources */ = {isa = PBXBuildFile; fileRef = 783DFF5E20FCE2FD00866790 /* Constants.swift */; };
		783DFF6020FCE2FD00866790 /* Constants.swift in Sources */ = {isa = PBXBuildFile; fileRef = 783DFF5E20FCE2FD00866790 /* Constants.swift */; };
		783DFF6220FCE90500866790 /* api_key.txt in Resources */ = {isa = PBXBuildFile; fileRef = 783DFF6120FCE90400866790 /* api_key.txt */; };
		783DFF6320FCE90500866790 /* api_key.txt in Resources */ = {isa = PBXBuildFile; fileRef = 783DFF6120FCE90400866790 /* api_key.txt */; };
		783DFF6520FCF2A900866790 /* SearchManager.swift in Sources */ = {isa = PBXBuildFile; fileRef = 783DFF6420FCF2A900866790 /* SearchManager.swift */; };
		783DFF6620FCF2A900866790 /* SearchManager.swift in Sources */ = {isa = PBXBuildFile; fileRef = 783DFF6420FCF2A900866790 /* SearchManager.swift */; };
		783DFF6820FD0B0200866790 /* PhotosModel.swift in Sources */ = {isa = PBXBuildFile; fileRef = 783DFF6720FD0B0200866790 /* PhotosModel.swift */; };
		783DFF6920FD0B0200866790 /* PhotosModel.swift in Sources */ = {isa = PBXBuildFile; fileRef = 783DFF6720FD0B0200866790 /* PhotosModel.swift */; };
		7856AA1F20FF0C4D000C2AE0 /* UIViewControllerExtensions.swift in Sources */ = {isa = PBXBuildFile; fileRef = 7856AA1E20FF0C4D000C2AE0 /* UIViewControllerExtensions.swift */; };
		78D53A0320FDBC53001F37C4 /* PhotoCell.swift in Sources */ = {isa = PBXBuildFile; fileRef = 78D53A0120FDBC53001F37C4 /* PhotoCell.swift */; };
		78D53A0420FDBC53001F37C4 /* PhotoCell.xib in Resources */ = {isa = PBXBuildFile; fileRef = 78D53A0220FDBC53001F37C4 /* PhotoCell.xib */; };
		78D53A0A20FDC849001F37C4 /* PhotosViewLayout.swift in Sources */ = {isa = PBXBuildFile; fileRef = 78D53A0920FDC849001F37C4 /* PhotosViewLayout.swift */; };
/* End PBXBuildFile section */

/* Begin PBXContainerItemProxy section */
		783DFF5020FCD35400866790 /* PBXContainerItemProxy */ = {
			isa = PBXContainerItemProxy;
			containerPortal = 783DFF3320FCD35300866790 /* Project object */;
			proxyType = 1;
			remoteGlobalIDString = 783DFF3A20FCD35300866790;
			remoteInfo = FlickrFindr;
		};
/* End PBXContainerItemProxy section */

/* Begin PBXFileReference section */
		7800E9A620FF66F20027F299 /* README.md */ = {isa = PBXFileReference; lastKnownFileType = net.daringfireball.markdown; path = README.md; sourceTree = "<group>"; xcLanguageSpecificationIdentifier = xcode.lang.markdown; };
		783DFF3B20FCD35300866790 /* FlickrFindr.app */ = {isa = PBXFileReference; explicitFileType = wrapper.application; includeInIndex = 0; path = FlickrFindr.app; sourceTree = BUILT_PRODUCTS_DIR; };
		783DFF3E20FCD35300866790 /* AppDelegate.swift */ = {isa = PBXFileReference; lastKnownFileType = sourcecode.swift; path = AppDelegate.swift; sourceTree = "<group>"; };
		783DFF4020FCD35300866790 /* ViewController.swift */ = {isa = PBXFileReference; lastKnownFileType = sourcecode.swift; path = ViewController.swift; sourceTree = "<group>"; };
		783DFF4320FCD35300866790 /* Base */ = {isa = PBXFileReference; lastKnownFileType = file.storyboard; name = Base; path = Base.lproj/Main.storyboard; sourceTree = "<group>"; };
		783DFF4520FCD35400866790 /* Assets.xcassets */ = {isa = PBXFileReference; lastKnownFileType = folder.assetcatalog; path = Assets.xcassets; sourceTree = "<group>"; };
		783DFF4820FCD35400866790 /* Base */ = {isa = PBXFileReference; lastKnownFileType = file.storyboard; name = Base; path = Base.lproj/LaunchScreen.storyboard; sourceTree = "<group>"; };
		783DFF4A20FCD35400866790 /* Info.plist */ = {isa = PBXFileReference; lastKnownFileType = text.plist.xml; path = Info.plist; sourceTree = "<group>"; };
		783DFF4F20FCD35400866790 /* FlickrFindrTests.xctest */ = {isa = PBXFileReference; explicitFileType = wrapper.cfbundle; includeInIndex = 0; path = FlickrFindrTests.xctest; sourceTree = BUILT_PRODUCTS_DIR; };
		783DFF5320FCD35400866790 /* FlickrFindrTests.swift */ = {isa = PBXFileReference; lastKnownFileType = sourcecode.swift; path = FlickrFindrTests.swift; sourceTree = "<group>"; };
		783DFF5520FCD35400866790 /* Info.plist */ = {isa = PBXFileReference; lastKnownFileType = text.plist.xml; path = Info.plist; sourceTree = "<group>"; };
		783DFF5E20FCE2FD00866790 /* Constants.swift */ = {isa = PBXFileReference; lastKnownFileType = sourcecode.swift; path = Constants.swift; sourceTree = "<group>"; };
		783DFF6120FCE90400866790 /* api_key.txt */ = {isa = PBXFileReference; lastKnownFileType = text; path = api_key.txt; sourceTree = "<group>"; };
		783DFF6420FCF2A900866790 /* SearchManager.swift */ = {isa = PBXFileReference; lastKnownFileType = sourcecode.swift; path = SearchManager.swift; sourceTree = "<group>"; };
		783DFF6720FD0B0200866790 /* PhotosModel.swift */ = {isa = PBXFileReference; lastKnownFileType = sourcecode.swift; path = PhotosModel.swift; sourceTree = "<group>"; };
		7856AA1E20FF0C4D000C2AE0 /* UIViewControllerExtensions.swift */ = {isa = PBXFileReference; lastKnownFileType = sourcecode.swift; path = UIViewControllerExtensions.swift; sourceTree = "<group>"; };
		78D53A0120FDBC53001F37C4 /* PhotoCell.swift */ = {isa = PBXFileReference; lastKnownFileType = sourcecode.swift; path = PhotoCell.swift; sourceTree = "<group>"; };
		78D53A0220FDBC53001F37C4 /* PhotoCell.xib */ = {isa = PBXFileReference; lastKnownFileType = file.xib; path = PhotoCell.xib; sourceTree = "<group>"; };
		78D53A0920FDC849001F37C4 /* PhotosViewLayout.swift */ = {isa = PBXFileReference; lastKnownFileType = sourcecode.swift; path = PhotosViewLayout.swift; sourceTree = "<group>"; };
/* End PBXFileReference section */

/* Begin PBXFrameworksBuildPhase section */
		783DFF3820FCD35300866790 /* Frameworks */ = {
			isa = PBXFrameworksBuildPhase;
			buildActionMask = 2147483647;
			files = (
			);
			runOnlyForDeploymentPostprocessing = 0;
		};
		783DFF4C20FCD35400866790 /* Frameworks */ = {
			isa = PBXFrameworksBuildPhase;
			buildActionMask = 2147483647;
			files = (
			);
			runOnlyForDeploymentPostprocessing = 0;
		};
/* End PBXFrameworksBuildPhase section */

/* Begin PBXGroup section */
		783DFF3220FCD35300866790 = {
			isa = PBXGroup;
			children = (
				7800E9A620FF66F20027F299 /* README.md */,
				783DFF3D20FCD35300866790 /* FlickrFindr */,
				783DFF5220FCD35400866790 /* FlickrFindrTests */,
				783DFF3C20FCD35300866790 /* Products */,
			);
			sourceTree = "<group>";
		};
		783DFF3C20FCD35300866790 /* Products */ = {
			isa = PBXGroup;
			children = (
				783DFF3B20FCD35300866790 /* FlickrFindr.app */,
				783DFF4F20FCD35400866790 /* FlickrFindrTests.xctest */,
			);
			name = Products;
			sourceTree = "<group>";
		};
		783DFF3D20FCD35300866790 /* FlickrFindr */ = {
			isa = PBXGroup;
			children = (
				783DFF3E20FCD35300866790 /* AppDelegate.swift */,
				783DFF5E20FCE2FD00866790 /* Constants.swift */,
				783DFF6420FCF2A900866790 /* SearchManager.swift */,
				78D53A0520FDBC5C001F37C4 /* Model */,
				78D53A0620FDBC6A001F37C4 /* Views */,
				78D53A0820FDBC85001F37C4 /* Controllers */,
				7856AA2020FF0CA4000C2AE0 /* Extensions */,
				78D53A0720FDBC7E001F37C4 /* Resources */,
				783DFF4A20FCD35400866790 /* Info.plist */,
				783DFF6120FCE90400866790 /* api_key.txt */,
			);
			path = FlickrFindr;
			sourceTree = "<group>";
		};
		783DFF5220FCD35400866790 /* FlickrFindrTests */ = {
			isa = PBXGroup;
			children = (
				783DFF5320FCD35400866790 /* FlickrFindrTests.swift */,
				783DFF5520FCD35400866790 /* Info.plist */,
			);
			path = FlickrFindrTests;
			sourceTree = "<group>";
		};
		7856AA2020FF0CA4000C2AE0 /* Extensions */ = {
			isa = PBXGroup;
			children = (
				7856AA1E20FF0C4D000C2AE0 /* UIViewControllerExtensions.swift */,
			);
			path = Extensions;
			sourceTree = "<group>";
		};
		78D53A0520FDBC5C001F37C4 /* Model */ = {
			isa = PBXGroup;
			children = (
				783DFF6720FD0B0200866790 /* PhotosModel.swift */,
			);
			path = Model;
			sourceTree = "<group>";
		};
		78D53A0620FDBC6A001F37C4 /* Views */ = {
			isa = PBXGroup;
			children = (
				78D53A0120FDBC53001F37C4 /* PhotoCell.swift */,
				78D53A0220FDBC53001F37C4 /* PhotoCell.xib */,
				78D53A0920FDC849001F37C4 /* PhotosViewLayout.swift */,
			);
			path = Views;
			sourceTree = "<group>";
		};
		78D53A0720FDBC7E001F37C4 /* Resources */ = {
			isa = PBXGroup;
			children = (
				783DFF4220FCD35300866790 /* Main.storyboard */,
				783DFF4520FCD35400866790 /* Assets.xcassets */,
				783DFF4720FCD35400866790 /* LaunchScreen.storyboard */,
			);
			path = Resources;
			sourceTree = "<group>";
		};
		78D53A0820FDBC85001F37C4 /* Controllers */ = {
			isa = PBXGroup;
			children = (
				783DFF4020FCD35300866790 /* ViewController.swift */,
			);
			path = Controllers;
			sourceTree = "<group>";
		};
/* End PBXGroup section */

/* Begin PBXNativeTarget section */
		783DFF3A20FCD35300866790 /* FlickrFindr */ = {
			isa = PBXNativeTarget;
			buildConfigurationList = 783DFF5820FCD35400866790 /* Build configuration list for PBXNativeTarget "FlickrFindr" */;
			buildPhases = (
				783DFF3720FCD35300866790 /* Sources */,
				783DFF3820FCD35300866790 /* Frameworks */,
				783DFF3920FCD35300866790 /* Resources */,
			);
			buildRules = (
			);
			dependencies = (
			);
			name = FlickrFindr;
			productName = FlickrFindr;
			productReference = 783DFF3B20FCD35300866790 /* FlickrFindr.app */;
			productType = "com.apple.product-type.application";
		};
		783DFF4E20FCD35400866790 /* FlickrFindrTests */ = {
			isa = PBXNativeTarget;
			buildConfigurationList = 783DFF5B20FCD35400866790 /* Build configuration list for PBXNativeTarget "FlickrFindrTests" */;
			buildPhases = (
				783DFF4B20FCD35400866790 /* Sources */,
				783DFF4C20FCD35400866790 /* Frameworks */,
				783DFF4D20FCD35400866790 /* Resources */,
			);
			buildRules = (
			);
			dependencies = (
				783DFF5120FCD35400866790 /* PBXTargetDependency */,
			);
			name = FlickrFindrTests;
			productName = FlickrFindrTests;
			productReference = 783DFF4F20FCD35400866790 /* FlickrFindrTests.xctest */;
			productType = "com.apple.product-type.bundle.unit-test";
		};
/* End PBXNativeTarget section */

/* Begin PBXProject section */
		783DFF3320FCD35300866790 /* Project object */ = {
			isa = PBXProject;
			attributes = {
				LastSwiftUpdateCheck = 0940;
				LastUpgradeCheck = 0940;
				ORGANIZATIONNAME = "Manjunath Chandrashekar";
				TargetAttributes = {
					783DFF3A20FCD35300866790 = {
						CreatedOnToolsVersion = 9.4;
					};
					783DFF4E20FCD35400866790 = {
						CreatedOnToolsVersion = 9.4;
						TestTargetID = 783DFF3A20FCD35300866790;
					};
				};
			};
			buildConfigurationList = 783DFF3620FCD35300866790 /* Build configuration list for PBXProject "FlickrFindr" */;
			compatibilityVersion = "Xcode 9.3";
			developmentRegion = en;
			hasScannedForEncodings = 0;
			knownRegions = (
				en,
				Base,
			);
			mainGroup = 783DFF3220FCD35300866790;
			productRefGroup = 783DFF3C20FCD35300866790 /* Products */;
			projectDirPath = "";
			projectRoot = "";
			targets = (
				783DFF3A20FCD35300866790 /* FlickrFindr */,
				783DFF4E20FCD35400866790 /* FlickrFindrTests */,
			);
		};
/* End PBXProject section */

/* Begin PBXResourcesBuildPhase section */
		783DFF3920FCD35300866790 /* Resources */ = {
			isa = PBXResourcesBuildPhase;
			buildActionMask = 2147483647;
			files = (
				7800E9A720FF66F20027F299 /* README.md in Resources */,
				783DFF4920FCD35400866790 /* LaunchScreen.storyboard in Resources */,
				783DFF4620FCD35400866790 /* Assets.xcassets in Resources */,
				783DFF4420FCD35300866790 /* Main.storyboard in Resources */,
				783DFF6220FCE90500866790 /* api_key.txt in Resources */,
				78D53A0420FDBC53001F37C4 /* PhotoCell.xib in Resources */,
			);
			runOnlyForDeploymentPostprocessing = 0;
		};
		783DFF4D20FCD35400866790 /* Resources */ = {
			isa = PBXResourcesBuildPhase;
			buildActionMask = 2147483647;
			files = (
				783DFF6320FCE90500866790 /* api_key.txt in Resources */,
			);
			runOnlyForDeploymentPostprocessing = 0;
		};
/* End PBXResourcesBuildPhase section */

/* Begin PBXSourcesBuildPhase section */
		783DFF3720FCD35300866790 /* Sources */ = {
			isa = PBXSourcesBuildPhase;
			buildActionMask = 2147483647;
			files = (
				7856AA1F20FF0C4D000C2AE0 /* UIViewControllerExtensions.swift in Sources */,
				783DFF6520FCF2A900866790 /* SearchManager.swift in Sources */,
				783DFF6820FD0B0200866790 /* PhotosModel.swift in Sources */,
				783DFF4120FCD35300866790 /* ViewController.swift in Sources */,
				783DFF3F20FCD35300866790 /* AppDelegate.swift in Sources */,
				78D53A0A20FDC849001F37C4 /* PhotosViewLayout.swift in Sources */,
				78D53A0320FDBC53001F37C4 /* PhotoCell.swift in Sources */,
				783DFF5F20FCE2FD00866790 /* Constants.swift in Sources */,
			);
			runOnlyForDeploymentPostprocessing = 0;
		};
		783DFF4B20FCD35400866790 /* Sources */ = {
			isa = PBXSourcesBuildPhase;
			buildActionMask = 2147483647;
			files = (
				783DFF6620FCF2A900866790 /* SearchManager.swift in Sources */,
				783DFF5420FCD35400866790 /* FlickrFindrTests.swift in Sources */,
				783DFF6920FD0B0200866790 /* PhotosModel.swift in Sources */,
				783DFF6020FCE2FD00866790 /* Constants.swift in Sources */,
			);
			runOnlyForDeploymentPostprocessing = 0;
		};
/* End PBXSourcesBuildPhase section */

/* Begin PBXTargetDependency section */
		783DFF5120FCD35400866790 /* PBXTargetDependency */ = {
			isa = PBXTargetDependency;
			target = 783DFF3A20FCD35300866790 /* FlickrFindr */;
			targetProxy = 783DFF5020FCD35400866790 /* PBXContainerItemProxy */;
		};
/* End PBXTargetDependency section */

/* Begin PBXVariantGroup section */
		783DFF4220FCD35300866790 /* Main.storyboard */ = {
			isa = PBXVariantGroup;
			children = (
				783DFF4320FCD35300866790 /* Base */,
			);
			name = Main.storyboard;
			sourceTree = "<group>";
		};
		783DFF4720FCD35400866790 /* LaunchScreen.storyboard */ = {
			isa = PBXVariantGroup;
			children = (
				783DFF4820FCD35400866790 /* Base */,
			);
			name = LaunchScreen.storyboard;
			sourceTree = "<group>";
		};
/* End PBXVariantGroup section */

/* Begin XCBuildConfiguration section */
		783DFF5620FCD35400866790 /* Debug */ = {
			isa = XCBuildConfiguration;
			buildSettings = {
				ALWAYS_SEARCH_USER_PATHS = NO;
				CLANG_ANALYZER_NONNULL = YES;
				CLANG_ANALYZER_NUMBER_OBJECT_CONVERSION = YES_AGGRESSIVE;
				CLANG_CXX_LANGUAGE_STANDARD = "gnu++14";
				CLANG_CXX_LIBRARY = "libc++";
				CLANG_ENABLE_MODULES = YES;
				CLANG_ENABLE_OBJC_ARC = YES;
				CLANG_ENABLE_OBJC_WEAK = YES;
				CLANG_WARN_BLOCK_CAPTURE_AUTORELEASING = YES;
				CLANG_WARN_BOOL_CONVERSION = YES;
				CLANG_WARN_COMMA = YES;
				CLANG_WARN_CONSTANT_CONVERSION = YES;
				CLANG_WARN_DEPRECATED_OBJC_IMPLEMENTATIONS = YES;
				CLANG_WARN_DIRECT_OBJC_ISA_USAGE = YES_ERROR;
				CLANG_WARN_DOCUMENTATION_COMMENTS = YES;
				CLANG_WARN_EMPTY_BODY = YES;
				CLANG_WARN_ENUM_CONVERSION = YES;
				CLANG_WARN_INFINITE_RECURSION = YES;
				CLANG_WARN_INT_CONVERSION = YES;
				CLANG_WARN_NON_LITERAL_NULL_CONVERSION = YES;
				CLANG_WARN_OBJC_IMPLICIT_RETAIN_SELF = YES;
				CLANG_WARN_OBJC_LITERAL_CONVERSION = YES;
				CLANG_WARN_OBJC_ROOT_CLASS = YES_ERROR;
				CLANG_WARN_RANGE_LOOP_ANALYSIS = YES;
				CLANG_WARN_STRICT_PROTOTYPES = YES;
				CLANG_WARN_SUSPICIOUS_MOVE = YES;
				CLANG_WARN_UNGUARDED_AVAILABILITY = YES_AGGRESSIVE;
				CLANG_WARN_UNREACHABLE_CODE = YES;
				CLANG_WARN__DUPLICATE_METHOD_MATCH = YES;
				CODE_SIGN_IDENTITY = "iPhone Developer";
				COPY_PHASE_STRIP = NO;
				DEBUG_INFORMATION_FORMAT = dwarf;
				ENABLE_STRICT_OBJC_MSGSEND = YES;
				ENABLE_TESTABILITY = YES;
				GCC_C_LANGUAGE_STANDARD = gnu11;
				GCC_DYNAMIC_NO_PIC = NO;
				GCC_NO_COMMON_BLOCKS = YES;
				GCC_OPTIMIZATION_LEVEL = 0;
				GCC_PREPROCESSOR_DEFINITIONS = (
					"DEBUG=1",
					"$(inherited)",
				);
				GCC_WARN_64_TO_32_BIT_CONVERSION = YES;
				GCC_WARN_ABOUT_RETURN_TYPE = YES_ERROR;
				GCC_WARN_UNDECLARED_SELECTOR = YES;
				GCC_WARN_UNINITIALIZED_AUTOS = YES_AGGRESSIVE;
				GCC_WARN_UNUSED_FUNCTION = YES;
				GCC_WARN_UNUSED_VARIABLE = YES;
				IPHONEOS_DEPLOYMENT_TARGET = 11.4;
				MTL_ENABLE_DEBUG_INFO = YES;
				ONLY_ACTIVE_ARCH = YES;
				SDKROOT = iphoneos;
				SWIFT_ACTIVE_COMPILATION_CONDITIONS = DEBUG;
				SWIFT_OPTIMIZATION_LEVEL = "-Onone";
			};
			name = Debug;
		};
		783DFF5720FCD35400866790 /* Release */ = {
			isa = XCBuildConfiguration;
			buildSettings = {
				ALWAYS_SEARCH_USER_PATHS = NO;
				CLANG_ANALYZER_NONNULL = YES;
				CLANG_ANALYZER_NUMBER_OBJECT_CONVERSION = YES_AGGRESSIVE;
				CLANG_CXX_LANGUAGE_STANDARD = "gnu++14";
				CLANG_CXX_LIBRARY = "libc++";
				CLANG_ENABLE_MODULES = YES;
				CLANG_ENABLE_OBJC_ARC = YES;
				CLANG_ENABLE_OBJC_WEAK = YES;
				CLANG_WARN_BLOCK_CAPTURE_AUTORELEASING = YES;
				CLANG_WARN_BOOL_CONVERSION = YES;
				CLANG_WARN_COMMA = YES;
				CLANG_WARN_CONSTANT_CONVERSION = YES;
				CLANG_WARN_DEPRECATED_OBJC_IMPLEMENTATIONS = YES;
				CLANG_WARN_DIRECT_OBJC_ISA_USAGE = YES_ERROR;
				CLANG_WARN_DOCUMENTATION_COMMENTS = YES;
				CLANG_WARN_EMPTY_BODY = YES;
				CLANG_WARN_ENUM_CONVERSION = YES;
				CLANG_WARN_INFINITE_RECURSION = YES;
				CLANG_WARN_INT_CONVERSION = YES;
				CLANG_WARN_NON_LITERAL_NULL_CONVERSION = YES;
				CLANG_WARN_OBJC_IMPLICIT_RETAIN_SELF = YES;
				CLANG_WARN_OBJC_LITERAL_CONVERSION = YES;
				CLANG_WARN_OBJC_ROOT_CLASS = YES_ERROR;
				CLANG_WARN_RANGE_LOOP_ANALYSIS = YES;
				CLANG_WARN_STRICT_PROTOTYPES = YES;
				CLANG_WARN_SUSPICIOUS_MOVE = YES;
				CLANG_WARN_UNGUARDED_AVAILABILITY = YES_AGGRESSIVE;
				CLANG_WARN_UNREACHABLE_CODE = YES;
				CLANG_WARN__DUPLICATE_METHOD_MATCH = YES;
				CODE_SIGN_IDENTITY = "iPhone Developer";
				COPY_PHASE_STRIP = NO;
				DEBUG_INFORMATION_FORMAT = "dwarf-with-dsym";
				ENABLE_NS_ASSERTIONS = NO;
				ENABLE_STRICT_OBJC_MSGSEND = YES;
				GCC_C_LANGUAGE_STANDARD = gnu11;
				GCC_NO_COMMON_BLOCKS = YES;
				GCC_WARN_64_TO_32_BIT_CONVERSION = YES;
				GCC_WARN_ABOUT_RETURN_TYPE = YES_ERROR;
				GCC_WARN_UNDECLARED_SELECTOR = YES;
				GCC_WARN_UNINITIALIZED_AUTOS = YES_AGGRESSIVE;
				GCC_WARN_UNUSED_FUNCTION = YES;
				GCC_WARN_UNUSED_VARIABLE = YES;
				IPHONEOS_DEPLOYMENT_TARGET = 11.4;
				MTL_ENABLE_DEBUG_INFO = NO;
				SDKROOT = iphoneos;
				SWIFT_COMPILATION_MODE = wholemodule;
				SWIFT_OPTIMIZATION_LEVEL = "-O";
				VALIDATE_PRODUCT = YES;
			};
			name = Release;
		};
		783DFF5920FCD35400866790 /* Debug */ = {
			isa = XCBuildConfiguration;
			buildSettings = {
				ASSETCATALOG_COMPILER_APPICON_NAME = AppIcon;
				CODE_SIGN_STYLE = Automatic;
				DEVELOPMENT_TEAM = JFW99MC3FG;
				INFOPLIST_FILE = FlickrFindr/Info.plist;
				LD_RUNPATH_SEARCH_PATHS = (
					"$(inherited)",
					"@executable_path/Frameworks",
				);
				PRODUCT_BUNDLE_IDENTIFIER = manjunath.FlickrFindr;
				PRODUCT_NAME = "$(TARGET_NAME)";
				SWIFT_VERSION = 4.0;
				TARGETED_DEVICE_FAMILY = "1,2";
			};
			name = Debug;
		};
		783DFF5A20FCD35400866790 /* Release */ = {
			isa = XCBuildConfiguration;
			buildSettings = {
				ASSETCATALOG_COMPILER_APPICON_NAME = AppIcon;
				CODE_SIGN_STYLE = Automatic;
				DEVELOPMENT_TEAM = JFW99MC3FG;
				INFOPLIST_FILE = FlickrFindr/Info.plist;
				LD_RUNPATH_SEARCH_PATHS = (
					"$(inherited)",
					"@executable_path/Frameworks",
				);
				PRODUCT_BUNDLE_IDENTIFIER = manjunath.FlickrFindr;
				PRODUCT_NAME = "$(TARGET_NAME)";
				SWIFT_VERSION = 4.0;
				TARGETED_DEVICE_FAMILY = "1,2";
			};
			name = Release;
		};
		783DFF5C20FCD35400866790 /* Debug */ = {
			isa = XCBuildConfiguration;
			buildSettings = {
				ALWAYS_EMBED_SWIFT_STANDARD_LIBRARIES = YES;
				BUNDLE_LOADER = "$(TEST_HOST)";
				CODE_SIGN_STYLE = Automatic;
				DEVELOPMENT_TEAM = JFW99MC3FG;
				INFOPLIST_FILE = FlickrFindrTests/Info.plist;
				LD_RUNPATH_SEARCH_PATHS = (
					"$(inherited)",
					"@executable_path/Frameworks",
					"@loader_path/Frameworks",
				);
				PRODUCT_BUNDLE_IDENTIFIER = manjunath.FlickrFindrTests;
				PRODUCT_NAME = "$(TARGET_NAME)";
				SWIFT_VERSION = 4.0;
				TARGETED_DEVICE_FAMILY = "1,2";
				TEST_HOST = "$(BUILT_PRODUCTS_DIR)/FlickrFindr.app/FlickrFindr";
			};
			name = Debug;
		};
		783DFF5D20FCD35400866790 /* Release */ = {
			isa = XCBuildConfiguration;
			buildSettings = {
				ALWAYS_EMBED_SWIFT_STANDARD_LIBRARIES = YES;
				BUNDLE_LOADER = "$(TEST_HOST)";
				CODE_SIGN_STYLE = Automatic;
				DEVELOPMENT_TEAM = JFW99MC3FG;
				INFOPLIST_FILE = FlickrFindrTests/Info.plist;
				LD_RUNPATH_SEARCH_PATHS = (
					"$(inherited)",
					"@executable_path/Frameworks",
					"@loader_path/Frameworks",
				);
				PRODUCT_BUNDLE_IDENTIFIER = manjunath.FlickrFindrTests;
				PRODUCT_NAME = "$(TARGET_NAME)";
				SWIFT_VERSION = 4.0;
				TARGETED_DEVICE_FAMILY = "1,2";
				TEST_HOST = "$(BUILT_PRODUCTS_DIR)/FlickrFindr.app/FlickrFindr";
			};
			name = Release;
		};
/* End XCBuildConfiguration section */

/* Begin XCConfigurationList section */
		783DFF3620FCD35300866790 /* Build configuration list for PBXProject "FlickrFindr" */ = {
			isa = XCConfigurationList;
			buildConfigurations = (
				783DFF5620FCD35400866790 /* Debug */,
				783DFF5720FCD35400866790 /* Release */,
			);
			defaultConfigurationIsVisible = 0;
			defaultConfigurationName = Release;
		};
		783DFF5820FCD35400866790 /* Build configuration list for PBXNativeTarget "FlickrFindr" */ = {
			isa = XCConfigurationList;
			buildConfigurations = (
				783DFF5920FCD35400866790 /* Debug */,
				783DFF5A20FCD35400866790 /* Release */,
			);
			defaultConfigurationIsVisible = 0;
			defaultConfigurationName = Release;
		};
		783DFF5B20FCD35400866790 /* Build configuration list for PBXNativeTarget "FlickrFindrTests" */ = {
			isa = XCConfigurationList;
			buildConfigurations = (
				783DFF5C20FCD35400866790 /* Debug */,
				783DFF5D20FCD35400866790 /* Release */,
			);
			defaultConfigurationIsVisible = 0;
			defaultConfigurationName = Release;
		};
/* End XCConfigurationList section */
	};
	rootObject = 783DFF3320FCD35300866790 /* Project object */;
}
